
Microsoft Visual Studio Solution File, Format Version 12.00
# Visual Studio Version 17
VisualStudioVersion = 17.8.34525.116
MinimumVisualStudioVersion = 10.0.40219.1
Project("{FAE04EC0-301F-11D3-BF4B-00C04F79EFBC}") = "JWT_DotNet_Core_8", "JWT_DotNet_Core_8\JWT_DotNet_Core_8.csproj", "{97086D01-6BD3-49DF-96B3-AE6929CA3BD0}"
EndProject
Global
	GlobalSection(SolutionConfigurationPlatforms) = preSolution
		Debug|Any CPU = Debug|Any CPU
		Release|Any CPU = Release|Any CPU
	EndGlobalSection
	GlobalSection(ProjectConfigurationPlatforms) = postSolution
		{97086D01-6BD3-49DF-96B3-AE6929CA3BD0}.Debug|Any CPU.ActiveCfg = Debug|Any CPU
		{97086D01-6BD3-49DF-96B3-AE6929CA3BD0}.Debug|Any CPU.Build.0 = Debug|Any CPU
		{97086D01-6BD3-49DF-96B3-AE6929CA3BD0}.Release|Any CPU.ActiveCfg = Release|Any CPU
		{97086D01-6BD3-49DF-96B3-AE6929CA3BD0}.Release|Any CPU.Build.0 = Release|Any CPU
	EndGlobalSection
	GlobalSection(SolutionProperties) = preSolution
		HideSolutionNode = FALSE
	EndGlobalSection
	GlobalSection(ExtensibilityGlobals) = postSolution
		SolutionGuid = {4B2B4B10-5BC5-499E-B007-22D3F66F1F5F}
	EndGlobalSection
EndGlobal
